
Microsoft Visual Studio Solution File, Format Version 12.00
# Visual Studio Version 16
VisualStudioVersion = 16.0.31005.135
MinimumVisualStudioVersion = 10.0.40219.1
Project("{FAE04EC0-301F-11D3-BF4B-00C04F79EFBC}") = "PowerPlant", "PowerPlant\PowerPlant.csproj", "{53F0F7E4-5B15-49DF-AF71-87515501A528}"
EndProject
Global
	GlobalSection(SolutionConfigurationPlatforms) = preSolution
		Debug|x64 = Debug|x64
	EndGlobalSection
	GlobalSection(ProjectConfigurationPlatforms) = postSolution
		{53F0F7E4-5B15-49DF-AF71-87515501A528}.Debug|x64.ActiveCfg = Debug|x64
		{53F0F7E4-5B15-49DF-AF71-87515501A528}.Debug|x64.Build.0 = Debug|x64
	EndGlobalSection
	GlobalSection(SolutionProperties) = preSolution
		HideSolutionNode = FALSE
	EndGlobalSection
	GlobalSection(ExtensibilityGlobals) = postSolution
		SolutionGuid = {2E53C416-2693-4B16-8188-DAB960075CCA}
	EndGlobalSection
EndGlobal
